
Microsoft Visual Studio Solution File, Format Version 12.00
# Visual Studio Version 17
VisualStudioVersion = 17.14.36414.22
MinimumVisualStudioVersion = 10.0.40219.1
Project("{FAE04EC0-301F-11D3-BF4B-00C04F79EFBC}") = "RicoBotsOn", "RicoBotsOn\RicoBotsOn.csproj", "{2F8659C6-42D1-4621-A810-96205DE12B2F}"
EndProject
Project("{FAE04EC0-301F-11D3-BF4B-00C04F79EFBC}") = "Domain", "Domain\Domain.csproj", "{5541D5F0-B38E-426D-8F82-9F5A2464F4FD}"
EndProject
Project("{FAE04EC0-301F-11D3-BF4B-00C04F79EFBC}") = "Application", "Application\Application.csproj", "{2DD6860A-EDD3-4F0B-80C3-4A77510F67ED}"
EndProject
Project("{FAE04EC0-301F-11D3-BF4B-00C04F79EFBC}") = "Infrastructure", "Infrastructure\Infrastructure.csproj", "{3344877E-5C19-403D-8EB6-3911C331998E}"
EndProject
Project("{FAE04EC0-301F-11D3-BF4B-00C04F79EFBC}") = "RicoBotsOn.Tests", "RicoBotsOn.Tests\RicoBotsOn.Tests.csproj", "{79EAA003-F034-419D-89EC-2208B15A2ECC}"
EndProject
Global
	GlobalSection(SolutionConfigurationPlatforms) = preSolution
		Debug|Any CPU = Debug|Any CPU
		Release|Any CPU = Release|Any CPU
	EndGlobalSection
	GlobalSection(ProjectConfigurationPlatforms) = postSolution
		{2F8659C6-42D1-4621-A810-96205DE12B2F}.Debug|Any CPU.ActiveCfg = Debug|Any CPU
		{2F8659C6-42D1-4621-A810-96205DE12B2F}.Debug|Any CPU.Build.0 = Debug|Any CPU
		{2F8659C6-42D1-4621-A810-96205DE12B2F}.Release|Any CPU.ActiveCfg = Release|Any CPU
		{2F8659C6-42D1-4621-A810-96205DE12B2F}.Release|Any CPU.Build.0 = Release|Any CPU
		{5541D5F0-B38E-426D-8F82-9F5A2464F4FD}.Debug|Any CPU.ActiveCfg = Debug|Any CPU
		{5541D5F0-B38E-426D-8F82-9F5A2464F4FD}.Debug|Any CPU.Build.0 = Debug|Any CPU
		{5541D5F0-B38E-426D-8F82-9F5A2464F4FD}.Release|Any CPU.ActiveCfg = Release|Any CPU
		{5541D5F0-B38E-426D-8F82-9F5A2464F4FD}.Release|Any CPU.Build.0 = Release|Any CPU
		{2DD6860A-EDD3-4F0B-80C3-4A77510F67ED}.Debug|Any CPU.ActiveCfg = Debug|Any CPU
		{2DD6860A-EDD3-4F0B-80C3-4A77510F67ED}.Debug|Any CPU.Build.0 = Debug|Any CPU
		{2DD6860A-EDD3-4F0B-80C3-4A77510F67ED}.Release|Any CPU.ActiveCfg = Release|Any CPU
		{2DD6860A-EDD3-4F0B-80C3-4A77510F67ED}.Release|Any CPU.Build.0 = Release|Any CPU
		{3344877E-5C19-403D-8EB6-3911C331998E}.Debug|Any CPU.ActiveCfg = Debug|Any CPU
		{3344877E-5C19-403D-8EB6-3911C331998E}.Debug|Any CPU.Build.0 = Debug|Any CPU
		{3344877E-5C19-403D-8EB6-3911C331998E}.Release|Any CPU.ActiveCfg = Release|Any CPU
		{3344877E-5C19-403D-8EB6-3911C331998E}.Release|Any CPU.Build.0 = Release|Any CPU
		{79EAA003-F034-419D-89EC-2208B15A2ECC}.Debug|Any CPU.ActiveCfg = Debug|Any CPU
		{79EAA003-F034-419D-89EC-2208B15A2ECC}.Debug|Any CPU.Build.0 = Debug|Any CPU
		{79EAA003-F034-419D-89EC-2208B15A2ECC}.Release|Any CPU.ActiveCfg = Release|Any CPU
		{79EAA003-F034-419D-89EC-2208B15A2ECC}.Release|Any CPU.Build.0 = Release|Any CPU
	EndGlobalSection
	GlobalSection(SolutionProperties) = preSolution
		HideSolutionNode = FALSE
	EndGlobalSection
	GlobalSection(ExtensibilityGlobals) = postSolution
		SolutionGuid = {9FD0B7B1-EC60-45ED-8406-986CC58B7C42}
	EndGlobalSection
EndGlobal
